
Microsoft Visual Studio Solution File, Format Version 12.00
# Visual Studio Version 17
VisualStudioVersion = 17.11.35312.102
MinimumVisualStudioVersion = 10.0.40219.1
Project("{FAE04EC0-301F-11D3-BF4B-00C04F79EFBC}") = "CriarVariavel", "CriarVariavel.csproj", "{20A386FC-CC59-4422-AD09-D14E9A0FCF48}"
EndProject
Global
	GlobalSection(SolutionConfigurationPlatforms) = preSolution
		Debug|Any CPU = Debug|Any CPU
		Release|Any CPU = Release|Any CPU
	EndGlobalSection
	GlobalSection(ProjectConfigurationPlatforms) = postSolution
		{20A386FC-CC59-4422-AD09-D14E9A0FCF48}.Debug|Any CPU.ActiveCfg = Debug|Any CPU
		{20A386FC-CC59-4422-AD09-D14E9A0FCF48}.Debug|Any CPU.Build.0 = Debug|Any CPU
		{20A386FC-CC59-4422-AD09-D14E9A0FCF48}.Release|Any CPU.ActiveCfg = Release|Any CPU
		{20A386FC-CC59-4422-AD09-D14E9A0FCF48}.Release|Any CPU.Build.0 = Release|Any CPU
	EndGlobalSection
	GlobalSection(SolutionProperties) = preSolution
		HideSolutionNode = FALSE
	EndGlobalSection
	GlobalSection(ExtensibilityGlobals) = postSolution
		SolutionGuid = {13F3ACDF-CB65-4AF3-B158-644B195E4711}
	EndGlobalSection
EndGlobal
